{
    "_readme": [
        "This file locks the dependencies of your project to a known state",
        "Read more about it at https://getcomposer.org/doc/01-basic-usage.md#installing-dependencies",
        "This file is @generated automatically"
    ],
    "content-hash": "845629702b10c673bf3f464e8cc4dc03",
    "packages": [
        {
            "name": "afarkas/html5shiv",
            "version": "3.7.3",
            "source": {
                "type": "git",
                "url": "https://github.com/aFarkas/html5shiv.git",
                "reference": "ed28c56c071bddfe7d635ad88995674957a016be"
            },
            "dist": {
                "type": "zip",
                "url": "https://api.github.com/repos/aFarkas/html5shiv/zipball/ed28c56c071bddfe7d635ad88995674957a016be",
                "reference": "ed28c56c071bddfe7d635ad88995674957a016be",
                "shasum": ""
            },
            "type": "component",
            "extra": {
                "component": {
                    "scripts": [
                        "dist/html5shiv.js"
                    ]
                }
            },
            "notification-url": "https://packagist.org/downloads/",
            "license": [
                "MIT",
                "GPL-2.0"
            ],
            "description": "Defacto way to enable use of HTML5 sectioning elements in legacy Internet Explorer.",
            "homepage": "http://paulirish.com/2011/the-history-of-the-html5-shiv/",
            "time": "2015-07-20T20:04:00+00:00"
        },
        {
            "name": "blueimp/jquery-file-upload",
            "version": "v9.28.0",
            "source": {
                "type": "git",
                "url": "https://github.com/vkhramtsov/jQuery-File-Upload.git",
                "reference": "ff5accfe2e5c4a522777faa980a90cf86a636d1d"
            },
            "dist": {
                "type": "zip",
                "url": "https://api.github.com/repos/vkhramtsov/jQuery-File-Upload/zipball/ff5accfe2e5c4a522777faa980a90cf86a636d1d",
                "reference": "ff5accfe2e5c4a522777faa980a90cf86a636d1d",
                "shasum": ""
            },
            "type": "library",
            "autoload": {
                "classmap": [
                    "server/php/UploadHandler.php"
                ]
            },
            "notification-url": "https://packagist.org/downloads/",
            "license": [
                "MIT"
            ],
            "authors": [
                {
                    "name": "Sebastian Tschan",
                    "homepage": "https://blueimp.net"
                }
            ],
            "description": "File Upload widget for jQuery.",
            "homepage": "https://github.com/blueimp/jQuery-File-Upload",
            "keywords": [
                "bootstrap",
                "chunk",
                "cross-domain",
                "cross-site",
                "drag",
                "drop",
                "file",
                "gae",
                "go",
                "jquery",
                "multiple",
                "php",
                "preview",
                "progress",
                "python",
                "resume",
                "selection",
                "upload",
                "widget"
            ],
            "time": "2018-11-13T05:41:39+00:00"
        },
        {
            "name": "components/bootstrap",
            "version": "3.x-dev",
            "source": {
                "type": "git",
                "url": "https://github.com/components/bootstrap.git",
                "reference": "5d60b2efd3159e1a9e203901849b3493c5aac61f"
            },
            "dist": {
                "type": "zip",
                "url": "https://api.github.com/repos/components/bootstrap/zipball/5d60b2efd3159e1a9e203901849b3493c5aac61f",
                "reference": "5d60b2efd3159e1a9e203901849b3493c5aac61f",
                "shasum": ""
            },
            "require": {
                "components/jquery": "1.9.1 - 3"
            },
            "suggest": {
                "components/bootstrap-default": "Provide a theme for Bootstrap as components/bootstrap only provides the CSS as file assets"
            },
            "type": "component",
            "extra": {
                "component": {
                    "scripts": [
                        "js/bootstrap.js"
                    ],
                    "files": [
                        "js/*.js",
                        "css/*.css",
                        "css/*.map",
                        "fonts/*",
                        "less/mixins/*.less",
                        "less/*.less"
                    ],
                    "shim": {
                        "deps": [
                            "jquery"
                        ]
                    }
                }
            },
            "notification-url": "https://packagist.org/downloads/",
            "license": [
                "MIT"
            ],
            "authors": [
                {
                    "name": "Jacob Thornton",
                    "email": "jacobthornton@gmail.com"
                },
                {
                    "name": "Mark Otto",
                    "email": "markdotto@gmail.com"
                }
            ],
            "description": "The most popular front-end framework for developing responsive, mobile first projects on the web.",
            "homepage": "http://getbootstrap.com",
            "keywords": [
                "css",
                "framework",
                "front-end",
                "less",
                "mobile-first",
                "responsive",
                "web"
            ],
            "time": "2018-12-14T15:55:15+00:00"
        },
        {
            "name": "components/font-awesome",
            "version": "5.4.2",
            "source": {
                "type": "git",
                "url": "https://github.com/components/font-awesome.git",
                "reference": "2273b93337e2296539665c40520308207b35ff6d"
            },
            "dist": {
                "type": "zip",
                "url": "https://api.github.com/repos/components/font-awesome/zipball/2273b93337e2296539665c40520308207b35ff6d",
                "reference": "2273b93337e2296539665c40520308207b35ff6d",
                "shasum": ""
            },
            "type": "component",
            "extra": {
                "component": {
                    "styles": [
                        "css/fontawesome-all.css"
                    ],
                    "files": [
                        "css/fontawesome-all.min.css",
                        "webfonts/*"
                    ]
                }
            },
            "notification-url": "https://packagist.org/downloads/",
            "license": [
                "CC-BY-4.0",
                "MIT",
                "OFL-1.1"
            ],
            "description": "Font Awesome, the iconic SVG, font, and CSS framework.",
            "time": "2018-10-31T11:12:29+00:00"
        },
        {
            "name": "components/jquery",
            "version": "2.2.x-dev",
            "source": {
                "type": "git",
                "url": "https://github.com/components/jquery.git",
                "reference": "981036fcb56668433a7eb0d1e71190324b4574df"
            },
            "dist": {
                "type": "zip",
                "url": "https://api.github.com/repos/components/jquery/zipball/981036fcb56668433a7eb0d1e71190324b4574df",
                "reference": "981036fcb56668433a7eb0d1e71190324b4574df",
                "shasum": ""
            },
            "type": "component",
            "extra": {
                "component": {
                    "scripts": [
                        "jquery.js"
                    ],
                    "files": [
                        "jquery.min.js",
                        "jquery.min.map",
                        "jquery-migrate.js",
                        "jquery-migrate.min.js"
                    ]
                }
            },
            "notification-url": "https://packagist.org/downloads/",
            "license": [
                "MIT"
            ],
            "authors": [
                {
                    "name": "John Resig",
                    "email": "jeresig@gmail.com"
                }
            ],
            "description": "jQuery JavaScript Library",
            "homepage": "http://jquery.com",
            "time": "2016-05-25T06:43:59+00:00"
        },
        {
            "name": "components/jqueryui",
            "version": "1.12.1",
            "source": {
                "type": "git",
                "url": "https://github.com/components/jqueryui.git",
                "reference": "44ecf3794cc56b65954cc19737234a3119d036cc"
            },
            "dist": {
                "type": "zip",
                "url": "https://api.github.com/repos/components/jqueryui/zipball/44ecf3794cc56b65954cc19737234a3119d036cc",
                "reference": "44ecf3794cc56b65954cc19737234a3119d036cc",
                "shasum": ""
            },
            "require": {
                "components/jquery": ">=1.6"
            },
            "type": "component",
            "extra": {
                "component": {
                    "name": "jquery-ui",
                    "scripts": [
                        "jquery-ui.js"
                    ],
                    "files": [
                        "ui/**",
                        "themes/**",
                        "jquery-ui.min.js"
                    ],
                    "shim": {
                        "deps": [
                            "jquery"
                        ],
                        "exports": "jQuery"
                    }
                }
            },
            "notification-url": "https://packagist.org/downloads/",
            "license": [
                "MIT"
            ],
            "authors": [
                {
                    "name": "jQuery UI Team",
                    "homepage": "http://jqueryui.com/about"
                },
                {
                    "name": "Joern Zaefferer",
                    "email": "joern.zaefferer@gmail.com",
                    "homepage": "http://bassistance.de"
                },
                {
                    "name": "Scott Gonzalez",
                    "email": "scott.gonzalez@gmail.com",
                    "homepage": "http://scottgonzalez.com"
                },
                {
                    "name": "Kris Borchers",
                    "email": "kris.borchers@gmail.com",
                    "homepage": "http://krisborchers.com"
                },
                {
                    "name": "Mike Sherov",
                    "email": "mike.sherov@gmail.com",
                    "homepage": "http://mike.sherov.com"
                },
                {
                    "name": "TJ VanToll",
                    "email": "tj.vantoll@gmail.com",
                    "homepage": "http://tjvantoll.com"
                },
                {
                    "name": "Corey Frang",
                    "email": "gnarf37@gmail.com",
                    "homepage": "http://gnarf.net"
                },
                {
                    "name": "Felix Nagel",
                    "email": "info@felixnagel.com",
                    "homepage": "http://www.felixnagel.com"
                }
            ],
            "description": "jQuery UI is a curated set of user interface interactions, effects, widgets, and themes built on top of the jQuery JavaScript Library. Whether you're building highly interactive web applications or you just need to add a date picker to a form control, jQuery UI is the perfect choice.",
            "time": "2016-09-16T05:47:55+00:00"
        },
        {
            "name": "components/underscore",
            "version": "1.8.3",
            "source": {
                "type": "git",
                "url": "https://github.com/components/underscore.git",
                "reference": "91142c898763ca8bb23a32a9808735e4998839d1"
            },
            "dist": {
                "type": "zip",
                "url": "https://api.github.com/repos/components/underscore/zipball/91142c898763ca8bb23a32a9808735e4998839d1",
                "reference": "91142c898763ca8bb23a32a9808735e4998839d1",
                "shasum": ""
            },
            "type": "component",
            "extra": {
                "component": {
                    "scripts": [
                        "underscore.js"
                    ],
                    "files": [
                        "underscore-min.js",
                        "underscore-min.map"
                    ],
                    "shim": {
                        "exports": "_"
                    }
                }
            },
            "notification-url": "https://packagist.org/downloads/",
            "license": [
                "MIT"
            ],
            "authors": [
                {
                    "name": "Jeremy Ashkenas",
                    "email": "jeremy@documentcloud.org"
                }
            ],
            "description": "JavaScript's functional programming helper library.",
            "homepage": "http://underscorejs.org",
            "keywords": [
                "browser",
                "client",
                "functional",
                "server",
                "util"
            ],
            "time": "2015-10-16T14:27:39+00:00"
        },
        {
            "name": "datatables/datatables",
            "version": "1.10.19",
            "source": {
                "type": "git",
                "url": "https://github.com/DataTables/DataTables.git",
                "reference": "156faa83386460c578e00c460eca9766e38a0c5f"
            },
            "dist": {
                "type": "zip",
                "url": "https://api.github.com/repos/DataTables/DataTables/zipball/156faa83386460c578e00c460eca9766e38a0c5f",
                "reference": "156faa83386460c578e00c460eca9766e38a0c5f",
                "shasum": ""
            },
            "type": "library",
            "notification-url": "https://packagist.org/downloads/",
            "license": [
                "MIT"
            ],
            "description": "DataTables is a plug-in for the jQuery Javascript library. It is a highly flexible tool, based upon the foundations of progressive enhancement, which will add advanced interaction controls to any HTML table.",
            "homepage": "http://www.datatables.net/",
            "time": "2018-06-22T15:34:14+00:00"
        },
        {
            "name": "debugteam/bootstrap-colorpicker",
            "version": "1.0.0",
            "source": {
                "type": "git",
                "url": "https://github.com/debugteam/bootstrap-colorpicker.git",
                "reference": "fa95df5744a802284fc1e24c81938c02141b9345"
            },
            "dist": {
                "type": "zip",
                "url": "https://api.github.com/repos/debugteam/bootstrap-colorpicker/zipball/fa95df5744a802284fc1e24c81938c02141b9345",
                "reference": "fa95df5744a802284fc1e24c81938c02141b9345",
                "shasum": ""
            },
            "require": {
                "components/bootstrap": ">=2",
                "components/jquery": ">=1.10",
                "robloach/component-installer": "*"
            },
            "type": "component",
            "extra": {
                "component": {
                    "files": [
                        "img/bootstrap-colorpicker/*.png",
                        "css/bootstrap-colorpicker.min.css",
                        "js/bootstrap-colorpicker.min.js"
                    ]
                }
            },
            "notification-url": "https://packagist.org/downloads/",
            "time": "2016-08-26T08:15:26+00:00"
        },
        {
            "name": "kriswallsmith/assetic",
            "version": "dev-master",
            "source": {
                "type": "git",
                "url": "https://github.com/kriswallsmith/assetic.git",
                "reference": "e911c437dbdf006a8f62c2f59b15b2d69a5e0aa1"
            },
            "dist": {
                "type": "zip",
                "url": "https://api.github.com/repos/kriswallsmith/assetic/zipball/e911c437dbdf006a8f62c2f59b15b2d69a5e0aa1",
                "reference": "e911c437dbdf006a8f62c2f59b15b2d69a5e0aa1",
                "shasum": ""
            },
            "require": {
                "php": ">=5.3.1",
                "symfony/process": "~2.1|~3.0"
            },
            "conflict": {
                "twig/twig": "<1.27"
            },
            "require-dev": {
                "leafo/lessphp": "^0.3.7",
                "leafo/scssphp": "~0.1",
                "meenie/javascript-packer": "^1.1",
                "mrclay/minify": "<2.3",
                "natxet/cssmin": "3.0.4",
                "patchwork/jsqueeze": "~1.0|~2.0",
                "phpunit/phpunit": "~4.8 || ^5.6",
                "psr/log": "~1.0",
                "ptachoire/cssembed": "~1.0",
                "symfony/phpunit-bridge": "~2.7|~3.0",
                "twig/twig": "~1.23|~2.0",
                "yfix/packager": "dev-master"
            },
            "suggest": {
                "leafo/lessphp": "Assetic provides the integration with the lessphp LESS compiler",
                "leafo/scssphp": "Assetic provides the integration with the scssphp SCSS compiler",
                "leafo/scssphp-compass": "Assetic provides the integration with the SCSS compass plugin",
                "patchwork/jsqueeze": "Assetic provides the integration with the JSqueeze JavaScript compressor",
                "ptachoire/cssembed": "Assetic provides the integration with phpcssembed to embed data uris",
                "twig/twig": "Assetic provides the integration with the Twig templating engine"
            },
            "type": "library",
            "extra": {
                "branch-alias": {
                    "dev-master": "1.4-dev"
                }
            },
            "autoload": {
                "psr-0": {
                    "Assetic": "src/"
                },
                "files": [
                    "src/functions.php"
                ]
            },
            "notification-url": "https://packagist.org/downloads/",
            "license": [
                "MIT"
            ],
            "authors": [
                {
                    "name": "Kris Wallsmith",
                    "email": "kris.wallsmith@gmail.com",
                    "homepage": "http://kriswallsmith.net/"
                }
            ],
            "description": "Asset Management for PHP",
            "homepage": "https://github.com/kriswallsmith/assetic",
            "keywords": [
                "assets",
                "compression",
                "minification"
            ],
            "time": "2016-11-11T18:43:20+00:00"
        },
        {
            "name": "mapbender/data-manager",
            "version": "1.0.6.3",
            "source": {
                "type": "git",
                "url": "https://github.com/mapbender/data-manager.git",
                "reference": "acf9718ce35bdd5958d4aef33c5b7d412d03211d"
            },
            "dist": {
                "type": "zip",
                "url": "https://api.github.com/repos/mapbender/data-manager/zipball/acf9718ce35bdd5958d4aef33c5b7d412d03211d",
                "reference": "acf9718ce35bdd5958d4aef33c5b7d412d03211d",
                "shasum": ""
            },
            "require": {
                "blueimp/jquery-file-upload": "9.*",
                "mapbender/data-source": "0.x",
                "php": ">=5.3.3"
            },
            "type": "library",
            "autoload": {
                "psr-4": {
                    "Mapbender\\DataManagerBundle\\": "."
                }
            },
            "notification-url": "https://packagist.org/downloads/",
            "license": [
                "MIT"
            ],
            "authors": [
                {
                    "name": "Andriy Oblivantsev",
                    "email": "andriy.oblivantsev@wheregroup.com"
                }
            ],
            "description": "Mapbender data manager",
            "keywords": [
                "Data Manager",
                "data",
                "mapbender"
            ],
            "time": "2019-04-17T06:41:01+00:00"
        },
        {
            "name": "mapbender/data-source",
            "version": "0.1.11.1",
            "source": {
                "type": "git",
                "url": "https://github.com/mapbender/data-source.git",
                "reference": "b805e7ab487584fcf41475bb32cf6dbbe3f7c5ed"
            },
            "dist": {
                "type": "zip",
                "url": "https://api.github.com/repos/mapbender/data-source/zipball/b805e7ab487584fcf41475bb32cf6dbbe3f7c5ed",
                "reference": "b805e7ab487584fcf41475bb32cf6dbbe3f7c5ed",
                "shasum": ""
            },
            "require": {
                "phayes/geophp": "1.2",
                "php": ">=5.3.3",
                "zumba/json-serializer": "1.x"
            },
            "require-dev": {
                "phpunit/phpunit": "^3.7",
                "symfony/framework-bundle": "*"
            },
            "type": "library",
            "autoload": {
                "psr-4": {
                    "Mapbender\\DataSourceBundle\\": "."
                }
            },
            "notification-url": "https://packagist.org/downloads/",
            "license": [
                "MIT"
            ],
            "authors": [
                {
                    "name": "Andriy Oblivantsev",
                    "email": "andriy.oblivantsev@wheregroup.com"
                }
            ],
            "description": "Mapbender data source handler",
            "keywords": [
                "data",
                "data source",
                "mapbender"
            ],
            "time": "2019-04-15T07:39:42+00:00"
        },
        {
            "name": "mapbender/vis-ui.js",
            "version": "dev-master",
            "source": {
                "type": "git",
                "url": "https://github.com/mapbender/vis-ui.js.git",
                "reference": "50dbee1950a49ab3cbf08a401e2d571877259176"
            },
            "dist": {
                "type": "zip",
                "url": "https://api.github.com/repos/mapbender/vis-ui.js/zipball/50dbee1950a49ab3cbf08a401e2d571877259176",
                "reference": "50dbee1950a49ab3cbf08a401e2d571877259176",
                "shasum": ""
            },
            "require": {
                "afarkas/html5shiv": "3.*",
                "components/bootstrap": "3.*",
                "components/font-awesome": "^3.0 || ^4.0 || ^5.0",
                "components/jquery": "1.* || 2.*",
                "components/jqueryui": "1.*",
                "components/underscore": "1.8.*",
                "datatables/datatables": "^1.10.16",
                "debugteam/bootstrap-colorpicker": "1.*",
                "medialize/jquery-context-menu": "1.*",
                "robloach/component-installer": "0.2.*",
                "rogeriopradoj/respond": "1.4.*",
                "select2/select2": "^4.0",
                "wheregroup/jquerydialogextendjs": "2.x"
            },
            "conflict": {
                "mapbender/digitizer": "<1.1.67"
            },
            "require-dev": {
                "components/normalize.css": "3.0.*",
                "components/placeholdersjs": "*",
                "drmonty/leaflet": "1.0.*"
            },
            "type": "component",
            "extra": {
                "component": {
                    "scripts": [
                        "src/js/utils/*.js",
                        "src/js/elements/*.js",
                        "src/js/jquery.form.generator.js"
                    ],
                    "styles": [
                        "src/styles/base.css"
                    ]
                },
                "branch-alias": {
                    "dev-master": "0.0.x-dev"
                }
            },
            "notification-url": "https://packagist.org/downloads/",
            "license": [
                "MIT"
            ],
            "authors": [
                {
                    "name": "Andriy Oblivantsev",
                    "email": "eslider@gmail.com"
                }
            ],
            "description": "JavaScript UI generator framework based on jQuery UI  and some other elements",
            "homepage": "https://github.com/eSlider",
            "keywords": [
                "assets",
                "jquery",
                "vis-ui"
            ],
            "time": "2019-02-04T12:14:52+00:00"
        },
        {
            "name": "medialize/jquery-context-menu",
            "version": "1.6.7",
            "source": {
                "type": "git",
                "url": "https://github.com/eSlider/jQuery-contextMenu.git",
                "reference": "c4d7776406848532a2c224c8fcf1b48262f03943"
            },
            "dist": {
                "type": "zip",
                "url": "https://api.github.com/repos/eSlider/jQuery-contextMenu/zipball/c4d7776406848532a2c224c8fcf1b48262f03943",
                "reference": "c4d7776406848532a2c224c8fcf1b48262f03943",
                "shasum": ""
            },
            "require": {
                "robloach/component-installer": "*"
            },
            "type": "component",
            "extra": {
                "component": {
                    "scripts": [
                        "src/jquery.ui.position.js",
                        "src/jquery.contextMenu.js"
                    ],
                    "styles": [
                        "src/jquery.contextMenu.css"
                    ],
                    "files": [
                        "src/images/*.png"
                    ]
                }
            },
            "notification-url": "https://packagist.org/downloads/",
            "license": [
                "MIT"
            ],
            "authors": [
                {
                    "name": "Rodney Rehm",
                    "email": "rodney.rehm@medialize.de"
                }
            ],
            "description": "Full featured context menu handler capable of handling thousands of elements",
            "homepage": "http://medialize.github.com/jQuery-contextMenu/",
            "keywords": [
                "context-menu",
                "contextmenu",
                "menu",
                "navigation",
                "right-click",
                "right-click-menu"
            ],
            "time": "2015-07-21T12:35:09+00:00"
        },
        {
            "name": "phayes/geophp",
            "version": "1.2",
            "source": {
                "type": "git",
                "url": "https://github.com/phayes/geoPHP.git",
                "reference": "015404e85b602e0df1f91441f8db0f9e98f7e567"
            },
            "dist": {
                "type": "zip",
                "url": "https://api.github.com/repos/phayes/geoPHP/zipball/015404e85b602e0df1f91441f8db0f9e98f7e567",
                "reference": "015404e85b602e0df1f91441f8db0f9e98f7e567",
                "shasum": ""
            },
            "require-dev": {
                "phpunit/phpunit": "4.1.*"
            },
            "type": "library",
            "autoload": {
                "classmap": [
                    "geoPHP.inc"
                ]
            },
            "notification-url": "https://packagist.org/downloads/",
            "license": [
                "GPL-2 or New-BSD"
            ],
            "authors": [
                {
                    "name": "Patrick Hayes"
                }
            ],
            "description": "GeoPHP is a open-source native PHP library for doing geometry operations. It is written entirely in PHP and can therefore run on shared hosts. It can read and write a wide variety of formats: WKT (including EWKT), WKB (including EWKB), GeoJSON, KML, GPX, GeoRSS). It works with all Simple-Feature geometries (Point, LineString, Polygon, GeometryCollection etc.) and can be used to get centroids, bounding-boxes, area, and a wide variety of other useful information.",
            "homepage": "https://github.com/phayes/geoPHP",
            "time": "2014-12-02T06:11:22+00:00"
        },
        {
            "name": "robloach/component-installer",
            "version": "0.2.3",
            "source": {
                "type": "git",
                "url": "https://github.com/RobLoach/component-installer.git",
                "reference": "908a859aa7c4949ba9ad67091e67bac10b66d3d7"
            },
            "dist": {
                "type": "zip",
                "url": "https://api.github.com/repos/RobLoach/component-installer/zipball/908a859aa7c4949ba9ad67091e67bac10b66d3d7",
                "reference": "908a859aa7c4949ba9ad67091e67bac10b66d3d7",
                "shasum": ""
            },
            "require": {
                "composer-plugin-api": "^1.0",
                "kriswallsmith/assetic": "1.*",
                "php": ">=5.3.2"
            },
            "require-dev": {
                "composer/composer": "1.*@alpha",
                "phpunit/phpunit": "4.*"
            },
            "type": "composer-plugin",
            "extra": {
                "branch-alias": {
                    "dev-master": "1.0.x-dev"
                },
                "class": "ComponentInstaller\\ComponentInstallerPlugin"
            },
            "autoload": {
                "psr-0": {
                    "ComponentInstaller": "src/"
                }
            },
            "notification-url": "https://packagist.org/downloads/",
            "license": [
                "MIT"
            ],
            "authors": [
                {
                    "name": "Rob Loach",
                    "homepage": "http://robloach.net"
                }
            ],
            "description": "Allows installation of Components via Composer.",
            "time": "2015-08-10T12:35:38+00:00"
        },
        {
            "name": "rogeriopradoj/respond",
            "version": "1.4.2",
            "source": {
                "type": "git",
                "url": "https://github.com/rogeriopradoj/Respond.git",
                "reference": "885cd21e14e0199c4d126e4fe563581de2cd6aea"
            },
            "dist": {
                "type": "zip",
                "url": "https://api.github.com/repos/rogeriopradoj/Respond/zipball/885cd21e14e0199c4d126e4fe563581de2cd6aea",
                "reference": "885cd21e14e0199c4d126e4fe563581de2cd6aea",
                "shasum": ""
            },
            "require": {
                "robloach/component-installer": "*"
            },
            "type": "component",
            "extra": {
                "component": {
                    "name": "respond",
                    "scripts": [
                        "dest/respond.src.js"
                    ],
                    "files": [
                        "dest/respond.min.js"
                    ]
                }
            },
            "notification-url": "https://packagist.org/downloads/",
            "license": [
                "MIT"
            ],
            "authors": [
                {
                    "name": "Rogerio Prado de Jesus",
                    "email": "rogeriopradoj@gmail.com"
                }
            ],
            "description": "A way to install Respond.js via composer",
            "keywords": [
                "JS"
            ],
            "time": "2014-02-14T20:48:52+00:00"
        },
        {
            "name": "select2/select2",
            "version": "4.x-dev",
            "source": {
                "type": "git",
                "url": "https://github.com/select2/select2.git",
                "reference": "14a059d7eedfd97fc530ac63852c0ee22324df48"
            },
            "dist": {
                "type": "zip",
                "url": "https://api.github.com/repos/select2/select2/zipball/14a059d7eedfd97fc530ac63852c0ee22324df48",
                "reference": "14a059d7eedfd97fc530ac63852c0ee22324df48",
                "shasum": ""
            },
            "require": {
                "robloach/component-installer": "*"
            },
            "type": "component",
            "extra": {
                "component": {
                    "scripts": [
                        "dist/js/select2.js"
                    ],
                    "styles": [
                        "dist/css/select2.css"
                    ],
                    "files": [
                        "dist/js/select2.js",
                        "dist/js/i18n/*.js",
                        "dist/css/select2.css"
                    ]
                }
            },
            "notification-url": "https://packagist.org/downloads/",
            "license": [
                "MIT"
            ],
            "description": "Select2 is a jQuery based replacement for select boxes.",
            "homepage": "https://select2.org/",
            "time": "2018-09-15T19:22:54+00:00"
        },
        {
            "name": "symfony/process",
            "version": "3.4.x-dev",
            "source": {
                "type": "git",
                "url": "https://github.com/symfony/process.git",
                "reference": "a9c4dfbf653023b668c282e4e02609d131f4057a"
            },
            "dist": {
                "type": "zip",
                "url": "https://api.github.com/repos/symfony/process/zipball/a9c4dfbf653023b668c282e4e02609d131f4057a",
                "reference": "a9c4dfbf653023b668c282e4e02609d131f4057a",
                "shasum": ""
            },
            "require": {
                "php": "^5.5.9|>=7.0.8"
            },
            "type": "library",
            "extra": {
                "branch-alias": {
                    "dev-master": "3.4-dev"
                }
            },
            "autoload": {
                "psr-4": {
                    "Symfony\\Component\\Process\\": ""
                },
                "exclude-from-classmap": [
                    "/Tests/"
                ]
            },
            "notification-url": "https://packagist.org/downloads/",
            "license": [
                "MIT"
            ],
            "authors": [
                {
                    "name": "Fabien Potencier",
                    "email": "fabien@symfony.com"
                },
                {
                    "name": "Symfony Community",
                    "homepage": "https://symfony.com/contributors"
                }
            ],
            "description": "Symfony Process Component",
            "homepage": "https://symfony.com",
            "time": "2019-04-08T16:15:54+00:00"
        },
        {
            "name": "wheregroup/jquerydialogextendjs",
            "version": "2.0.4",
            "source": {
                "type": "git",
                "url": "https://github.com/WhereGroup/jquery-dialogextend.git",
                "reference": "ece974a1f44ed513fc784e1a97c7b0988ab6f980"
            },
            "dist": {
                "type": "zip",
                "url": "https://api.github.com/repos/WhereGroup/jquery-dialogextend/zipball/ece974a1f44ed513fc784e1a97c7b0988ab6f980",
                "reference": "ece974a1f44ed513fc784e1a97c7b0988ab6f980",
                "shasum": ""
            },
            "require": {
                "robloach/component-installer": "0.x"
            },
            "type": "component",
            "extra": {
                "component": {
                    "scripts": [
                        "build/*.min.js"
                    ]
                }
            },
            "notification-url": "https://packagist.org/downloads/",
            "license": [
                "MIT"
            ],
            "description": "Maximize and Minimize Buttons for UI Dialog",
            "homepage": "https://github.com/ROMB/jquery-dialogextend",
            "time": "2017-04-20T07:50:22+00:00"
        },
        {
            "name": "zumba/json-serializer",
            "version": "1.0.2",
            "source": {
                "type": "git",
                "url": "https://github.com/zumba/json-serializer.git",
                "reference": "61cb3a9458146b2b91e8f7700cee80cad1bf9279"
            },
            "dist": {
                "type": "zip",
                "url": "https://api.github.com/repos/zumba/json-serializer/zipball/61cb3a9458146b2b91e8f7700cee80cad1bf9279",
                "reference": "61cb3a9458146b2b91e8f7700cee80cad1bf9279",
                "shasum": ""
            },
            "require": {
                "php": ">=5.3.6"
            },
            "require-dev": {
                "phpunit/phpunit": "3.7.*"
            },
            "suggest": {
                "ext-mbstring": "To support unescaped unicode characters in PHP 5.3."
            },
            "type": "library",
            "autoload": {
                "psr-0": {
                    "Zumba\\Util": "src/",
                    "Zumba\\Exception": "src/",
                    "Zumba\\Util\\Test": "tests/"
                }
            },
            "notification-url": "https://packagist.org/downloads/",
            "license": [
                "MIT"
            ],
            "authors": [
                {
                    "name": "Juan Basso",
                    "email": "juan.basso@zumba.com"
                },
                {
                    "name": "Zumba Fitness, LLC",
                    "email": "engineering@zumba.com"
                }
            ],
            "description": "Serialize PHP variables, including objects, in JSON format. Support to unserialize it too.",
            "homepage": "http://tech.zumba.com",
            "keywords": [
                "json",
                "serialize",
                "serializer"
            ],
            "time": "2014-07-05T20:09:27+00:00"
        }
    ],
    "packages-dev": [],
    "aliases": [],
    "minimum-stability": "dev",
    "stability-flags": {
        "mapbender/data-manager": 20,
        "mapbender/data-source": 20
    },
    "prefer-stable": false,
    "prefer-lowest": false,
    "platform": {
        "php": ">=5.3.3"
    },
    "platform-dev": []
}
